
Microsoft Visual Studio Solution File, Format Version 12.00
# Visual Studio Version 16
VisualStudioVersion = 16.0.30517.126
MinimumVisualStudioVersion = 10.0.40219.1
Project("{888888A0-9F3D-457C-B088-3A5042F75D52}") = "zadanie 3", "zadanie 3\zadanie 3.pyproj", "{EC24CFDD-3C51-4149-ADF9-187263F4E604}"
EndProject
Global
	GlobalSection(SolutionConfigurationPlatforms) = preSolution
		Debug|Any CPU = Debug|Any CPU
		Release|Any CPU = Release|Any CPU
	EndGlobalSection
	GlobalSection(ProjectConfigurationPlatforms) = postSolution
		{EC24CFDD-3C51-4149-ADF9-187263F4E604}.Debug|Any CPU.ActiveCfg = Debug|Any CPU
		{EC24CFDD-3C51-4149-ADF9-187263F4E604}.Release|Any CPU.ActiveCfg = Release|Any CPU
	EndGlobalSection
	GlobalSection(SolutionProperties) = preSolution
		HideSolutionNode = FALSE
	EndGlobalSection
	GlobalSection(ExtensibilityGlobals) = postSolution
		SolutionGuid = {57821503-5D89-4809-8D90-E231FDA33383}
	EndGlobalSection
EndGlobal
