
Microsoft Visual Studio Solution File, Format Version 12.00
# Visual Studio Version 16
VisualStudioVersion = 16.0.30621.155
MinimumVisualStudioVersion = 10.0.40219.1
Project("{888888A0-9F3D-457C-B088-3A5042F75D52}") = "zadanie 15py", "zadanie 15py\zadanie 15py.pyproj", "{2C9F0777-4943-4DCD-89D3-15D0823C82A5}"
EndProject
Global
	GlobalSection(SolutionConfigurationPlatforms) = preSolution
		Debug|Any CPU = Debug|Any CPU
		Release|Any CPU = Release|Any CPU
	EndGlobalSection
	GlobalSection(ProjectConfigurationPlatforms) = postSolution
		{2C9F0777-4943-4DCD-89D3-15D0823C82A5}.Debug|Any CPU.ActiveCfg = Debug|Any CPU
		{2C9F0777-4943-4DCD-89D3-15D0823C82A5}.Release|Any CPU.ActiveCfg = Release|Any CPU
	EndGlobalSection
	GlobalSection(SolutionProperties) = preSolution
		HideSolutionNode = FALSE
	EndGlobalSection
	GlobalSection(ExtensibilityGlobals) = postSolution
		SolutionGuid = {C9A19C01-DB2A-46F5-9516-F1C85E9A17CB}
	EndGlobalSection
EndGlobal
